
Microsoft Visual Studio Solution File, Format Version 12.00
# Visual Studio Version 16
VisualStudioVersion = 25.0.1705.5
MinimumVisualStudioVersion = 10.0.40219.1
Project("{FAE04EC0-301F-11D3-BF4B-00C04F79EFBC}") = "GcseOptions", "GcseOptions.csproj", "{858D386D-5A84-4097-88E7-1C59F5C550F9}"
EndProject
Global
	GlobalSection(SolutionConfigurationPlatforms) = preSolution
		Debug|Any CPU = Debug|Any CPU
		Release|Any CPU = Release|Any CPU
	EndGlobalSection
	GlobalSection(ProjectConfigurationPlatforms) = postSolution
		{858D386D-5A84-4097-88E7-1C59F5C550F9}.Debug|Any CPU.ActiveCfg = Debug|Any CPU
		{858D386D-5A84-4097-88E7-1C59F5C550F9}.Debug|Any CPU.Build.0 = Debug|Any CPU
		{858D386D-5A84-4097-88E7-1C59F5C550F9}.Release|Any CPU.ActiveCfg = Release|Any CPU
		{858D386D-5A84-4097-88E7-1C59F5C550F9}.Release|Any CPU.Build.0 = Release|Any CPU
	EndGlobalSection
	GlobalSection(SolutionProperties) = preSolution
		HideSolutionNode = FALSE
	EndGlobalSection
	GlobalSection(ExtensibilityGlobals) = postSolution
		SolutionGuid = {2B09E352-F5D4-43C2-8B69-5E346CA6ACBF}
	EndGlobalSection
EndGlobal
